// !$*UTF8*$!
{
	archiveVersion = 1;
	classes = {
	};
	objectVersion = 46;
	objects = {

/* Begin PBXBuildFile section */
		7D2F58DE198C7D0000E6AF20 /* Foundation.framework in Frameworks */ = {isa = PBXBuildFile; fileRef = 7D2F58DD198C7D0000E6AF20 /* Foundation.framework */; };
		7D2F58E0198C7D0000E6AF20 /* CoreGraphics.framework in Frameworks */ = {isa = PBXBuildFile; fileRef = 7D2F58DF198C7D0000E6AF20 /* CoreGraphics.framework */; };
		7D2F58E2198C7D0000E6AF20 /* UIKit.framework in Frameworks */ = {isa = PBXBuildFile; fileRef = 7D2F58E1198C7D0000E6AF20 /* UIKit.framework */; };
		7D2F58E8198C7D0000E6AF20 /* InfoPlist.strings in Resources */ = {isa = PBXBuildFile; fileRef = 7D2F58E6198C7D0000E6AF20 /* InfoPlist.strings */; };
		7D2F58EA198C7D0000E6AF20 /* main.m in Sources */ = {isa = PBXBuildFile; fileRef = 7D2F58E9198C7D0000E6AF20 /* main.m */; };
		7D2F58EE198C7D0000E6AF20 /* DDRAppDelegate.m in Sources */ = {isa = PBXBuildFile; fileRef = 7D2F58ED198C7D0000E6AF20 /* DDRAppDelegate.m */; };
		7D2F58F1198C7D0000E6AF20 /* Main.storyboard in Resources */ = {isa = PBXBuildFile; fileRef = 7D2F58EF198C7D0000E6AF20 /* Main.storyboard */; };
		7D2F58F4198C7D0000E6AF20 /* DDRViewController.m in Sources */ = {isa = PBXBuildFile; fileRef = 7D2F58F3198C7D0000E6AF20 /* DDRViewController.m */; };
		7D2F58F6198C7D0000E6AF20 /* Images.xcassets in Resources */ = {isa = PBXBuildFile; fileRef = 7D2F58F5198C7D0000E6AF20 /* Images.xcassets */; };
		7D2F58FD198C7D0100E6AF20 /* XCTest.framework in Frameworks */ = {isa = PBXBuildFile; fileRef = 7D2F58FC198C7D0100E6AF20 /* XCTest.framework */; };
		7D2F58FE198C7D0100E6AF20 /* Foundation.framework in Frameworks */ = {isa = PBXBuildFile; fileRef = 7D2F58DD198C7D0000E6AF20 /* Foundation.framework */; };
		7D2F58FF198C7D0100E6AF20 /* UIKit.framework in Frameworks */ = {isa = PBXBuildFile; fileRef = 7D2F58E1198C7D0000E6AF20 /* UIKit.framework */; };
		7D2F5907198C7D0100E6AF20 /* InfoPlist.strings in Resources */ = {isa = PBXBuildFile; fileRef = 7D2F5905198C7D0100E6AF20 /* InfoPlist.strings */; };
		7D2F5909198C7D0100E6AF20 /* DynamicDrawerTests.m in Sources */ = {isa = PBXBuildFile; fileRef = 7D2F5908198C7D0100E6AF20 /* DynamicDrawerTests.m */; };
/* End PBXBuildFile section */

/* Begin PBXContainerItemProxy section */
		7D2F5900198C7D0100E6AF20 /* PBXContainerItemProxy */ = {
			isa = PBXContainerItemProxy;
			containerPortal = 7D2F58D2198C7D0000E6AF20 /* Project object */;
			proxyType = 1;
			remoteGlobalIDString = 7D2F58D9198C7D0000E6AF20;
			remoteInfo = DynamicDrawer;
		};
/* End PBXContainerItemProxy section */

/* Begin PBXFileReference section */
		7D2F58DA198C7D0000E6AF20 /* DynamicDrawer.app */ = {isa = PBXFileReference; explicitFileType = wrapper.application; includeInIndex = 0; path = DynamicDrawer.app; sourceTree = BUILT_PRODUCTS_DIR; };
		7D2F58DD198C7D0000E6AF20 /* Foundation.framework */ = {isa = PBXFileReference; lastKnownFileType = wrapper.framework; name = Foundation.framework; path = System/Library/Frameworks/Foundation.framework; sourceTree = SDKROOT; };
		7D2F58DF198C7D0000E6AF20 /* CoreGraphics.framework */ = {isa = PBXFileReference; lastKnownFileType = wrapper.framework; name = CoreGraphics.framework; path = System/Library/Frameworks/CoreGraphics.framework; sourceTree = SDKROOT; };
		7D2F58E1198C7D0000E6AF20 /* UIKit.framework */ = {isa = PBXFileReference; lastKnownFileType = wrapper.framework; name = UIKit.framework; path = System/Library/Frameworks/UIKit.framework; sourceTree = SDKROOT; };
		7D2F58E5198C7D0000E6AF20 /* DynamicDrawer-Info.plist */ = {isa = PBXFileReference; lastKnownFileType = text.plist.xml; path = "DynamicDrawer-Info.plist"; sourceTree = "<group>"; };
		7D2F58E7198C7D0000E6AF20 /* en */ = {isa = PBXFileReference; lastKnownFileType = text.plist.strings; name = en; path = en.lproj/InfoPlist.strings; sourceTree = "<group>"; };
		7D2F58E9198C7D0000E6AF20 /* main.m */ = {isa = PBXFileReference; lastKnownFileType = sourcecode.c.objc; path = main.m; sourceTree = "<group>"; };
		7D2F58EB198C7D0000E6AF20 /* DynamicDrawer-Prefix.pch */ = {isa = PBXFileReference; lastKnownFileType = sourcecode.c.h; path = "DynamicDrawer-Prefix.pch"; sourceTree = "<group>"; };
		7D2F58EC198C7D0000E6AF20 /* DDRAppDelegate.h */ = {isa = PBXFileReference; lastKnownFileType = sourcecode.c.h; path = DDRAppDelegate.h; sourceTree = "<group>"; };
		7D2F58ED198C7D0000E6AF20 /* DDRAppDelegate.m */ = {isa = PBXFileReference; lastKnownFileType = sourcecode.c.objc; path = DDRAppDelegate.m; sourceTree = "<group>"; };
		7D2F58F0198C7D0000E6AF20 /* Base */ = {isa = PBXFileReference; lastKnownFileType = file.storyboard; name = Base; path = Base.lproj/Main.storyboard; sourceTree = "<group>"; };
		7D2F58F2198C7D0000E6AF20 /* DDRViewController.h */ = {isa = PBXFileReference; lastKnownFileType = sourcecode.c.h; path = DDRViewController.h; sourceTree = "<group>"; };
		7D2F58F3198C7D0000E6AF20 /* DDRViewController.m */ = {isa = PBXFileReference; lastKnownFileType = sourcecode.c.objc; path = DDRViewController.m; sourceTree = "<group>"; };
		7D2F58F5198C7D0000E6AF20 /* Images.xcassets */ = {isa = PBXFileReference; lastKnownFileType = folder.assetcatalog; path = Images.xcassets; sourceTree = "<group>"; };
		7D2F58FB198C7D0100E6AF20 /* DynamicDrawerTests.xctest */ = {isa = PBXFileReference; explicitFileType = wrapper.cfbundle; includeInIndex = 0; path = DynamicDrawerTests.xctest; sourceTree = BUILT_PRODUCTS_DIR; };
		7D2F58FC198C7D0100E6AF20 /* XCTest.framework */ = {isa = PBXFileReference; lastKnownFileType = wrapper.framework; name = XCTest.framework; path = Library/Frameworks/XCTest.framework; sourceTree = DEVELOPER_DIR; };
		7D2F5904198C7D0100E6AF20 /* DynamicDrawerTests-Info.plist */ = {isa = PBXFileReference; lastKnownFileType = text.plist.xml; path = "DynamicDrawerTests-Info.plist"; sourceTree = "<group>"; };
		7D2F5906198C7D0100E6AF20 /* en */ = {isa = PBXFileReference; lastKnownFileType = text.plist.strings; name = en; path = en.lproj/InfoPlist.strings; sourceTree = "<group>"; };
		7D2F5908198C7D0100E6AF20 /* DynamicDrawerTests.m */ = {isa = PBXFileReference; lastKnownFileType = sourcecode.c.objc; path = DynamicDrawerTests.m; sourceTree = "<group>"; };
/* End PBXFileReference section */

/* Begin PBXFrameworksBuildPhase section */
		7D2F58D7198C7D0000E6AF20 /* Frameworks */ = {
			isa = PBXFrameworksBuildPhase;
			buildActionMask = 2147483647;
			files = (
				7D2F58E0198C7D0000E6AF20 /* CoreGraphics.framework in Frameworks */,
				7D2F58E2198C7D0000E6AF20 /* UIKit.framework in Frameworks */,
				7D2F58DE198C7D0000E6AF20 /* Foundation.framework in Frameworks */,
			);
			runOnlyForDeploymentPostprocessing = 0;
		};
		7D2F58F8198C7D0100E6AF20 /* Frameworks */ = {
			isa = PBXFrameworksBuildPhase;
			buildActionMask = 2147483647;
			files = (
				7D2F58FD198C7D0100E6AF20 /* XCTest.framework in Frameworks */,
				7D2F58FF198C7D0100E6AF20 /* UIKit.framework in Frameworks */,
				7D2F58FE198C7D0100E6AF20 /* Foundation.framework in Frameworks */,
			);
			runOnlyForDeploymentPostprocessing = 0;
		};
/* End PBXFrameworksBuildPhase section */

/* Begin PBXGroup section */
		7D2F58D1198C7D0000E6AF20 = {
			isa = PBXGroup;
			children = (
				7D2F58E3198C7D0000E6AF20 /* DynamicDrawer */,
				7D2F5902198C7D0100E6AF20 /* DynamicDrawerTests */,
				7D2F58DC198C7D0000E6AF20 /* Frameworks */,
				7D2F58DB198C7D0000E6AF20 /* Products */,
			);
			sourceTree = "<group>";
		};
		7D2F58DB198C7D0000E6AF20 /* Products */ = {
			isa = PBXGroup;
			children = (
				7D2F58DA198C7D0000E6AF20 /* DynamicDrawer.app */,
				7D2F58FB198C7D0100E6AF20 /* DynamicDrawerTests.xctest */,
			);
			name = Products;
			sourceTree = "<group>";
		};
		7D2F58DC198C7D0000E6AF20 /* Frameworks */ = {
			isa = PBXGroup;
			children = (
				7D2F58DD198C7D0000E6AF20 /* Foundation.framework */,
				7D2F58DF198C7D0000E6AF20 /* CoreGraphics.framework */,
				7D2F58E1198C7D0000E6AF20 /* UIKit.framework */,
				7D2F58FC198C7D0100E6AF20 /* XCTest.framework */,
			);
			name = Frameworks;
			sourceTree = "<group>";
		};
		7D2F58E3198C7D0000E6AF20 /* DynamicDrawer */ = {
			isa = PBXGroup;
			children = (
				7D2F58EC198C7D0000E6AF20 /* DDRAppDelegate.h */,
				7D2F58ED198C7D0000E6AF20 /* DDRAppDelegate.m */,
				7D2F58EF198C7D0000E6AF20 /* Main.storyboard */,
				7D2F58F2198C7D0000E6AF20 /* DDRViewController.h */,
				7D2F58F3198C7D0000E6AF20 /* DDRViewController.m */,
				7D2F58F5198C7D0000E6AF20 /* Images.xcassets */,
				7D2F58E4198C7D0000E6AF20 /* Supporting Files */,
			);
			path = DynamicDrawer;
			sourceTree = "<group>";
		};
		7D2F58E4198C7D0000E6AF20 /* Supporting Files */ = {
			isa = PBXGroup;
			children = (
				7D2F58E5198C7D0000E6AF20 /* DynamicDrawer-Info.plist */,
				7D2F58E6198C7D0000E6AF20 /* InfoPlist.strings */,
				7D2F58E9198C7D0000E6AF20 /* main.m */,
				7D2F58EB198C7D0000E6AF20 /* DynamicDrawer-Prefix.pch */,
			);
			name = "Supporting Files";
			sourceTree = "<group>";
		};
		7D2F5902198C7D0100E6AF20 /* DynamicDrawerTests */ = {
			isa = PBXGroup;
			children = (
				7D2F5908198C7D0100E6AF20 /* DynamicDrawerTests.m */,
				7D2F5903198C7D0100E6AF20 /* Supporting Files */,
			);
			path = DynamicDrawerTests;
			sourceTree = "<group>";
		};
		7D2F5903198C7D0100E6AF20 /* Supporting Files */ = {
			isa = PBXGroup;
			children = (
				7D2F5904198C7D0100E6AF20 /* DynamicDrawerTests-Info.plist */,
				7D2F5905198C7D0100E6AF20 /* InfoPlist.strings */,
			);
			name = "Supporting Files";
			sourceTree = "<group>";
		};
/* End PBXGroup section */

/* Begin PBXNativeTarget section */
		7D2F58D9198C7D0000E6AF20 /* DynamicDrawer */ = {
			isa = PBXNativeTarget;
			buildConfigurationList = 7D2F590C198C7D0100E6AF20 /* Build configuration list for PBXNativeTarget "DynamicDrawer" */;
			buildPhases = (
				7D2F58D6198C7D0000E6AF20 /* Sources */,
				7D2F58D7198C7D0000E6AF20 /* Frameworks */,
				7D2F58D8198C7D0000E6AF20 /* Resources */,
			);
			buildRules = (
			);
			dependencies = (
			);
			name = DynamicDrawer;
			productName = DynamicDrawer;
			productReference = 7D2F58DA198C7D0000E6AF20 /* DynamicDrawer.app */;
			productType = "com.apple.product-type.application";
		};
		7D2F58FA198C7D0100E6AF20 /* DynamicDrawerTests */ = {
			isa = PBXNativeTarget;
			buildConfigurationList = 7D2F590F198C7D0100E6AF20 /* Build configuration list for PBXNativeTarget "DynamicDrawerTests" */;
			buildPhases = (
				7D2F58F7198C7D0100E6AF20 /* Sources */,
				7D2F58F8198C7D0100E6AF20 /* Frameworks */,
				7D2F58F9198C7D0100E6AF20 /* Resources */,
			);
			buildRules = (
			);
			dependencies = (
				7D2F5901198C7D0100E6AF20 /* PBXTargetDependency */,
			);
			name = DynamicDrawerTests;
			productName = DynamicDrawerTests;
			productReference = 7D2F58FB198C7D0100E6AF20 /* DynamicDrawerTests.xctest */;
			productType = "com.apple.product-type.bundle.unit-test";
		};
/* End PBXNativeTarget section */

/* Begin PBXProject section */
		7D2F58D2198C7D0000E6AF20 /* Project object */ = {
			isa = PBXProject;
			attributes = {
				CLASSPREFIX = DDR;
				LastUpgradeCheck = 0510;
				ORGANIZATIONNAME = "Kumaran Vijayan";
				TargetAttributes = {
					7D2F58FA198C7D0100E6AF20 = {
						TestTargetID = 7D2F58D9198C7D0000E6AF20;
					};
				};
			};
			buildConfigurationList = 7D2F58D5198C7D0000E6AF20 /* Build configuration list for PBXProject "DynamicDrawer" */;
			compatibilityVersion = "Xcode 3.2";
			developmentRegion = English;
			hasScannedForEncodings = 0;
			knownRegions = (
				en,
				Base,
			);
			mainGroup = 7D2F58D1198C7D0000E6AF20;
			productRefGroup = 7D2F58DB198C7D0000E6AF20 /* Products */;
			projectDirPath = "";
			projectRoot = "";
			targets = (
				7D2F58D9198C7D0000E6AF20 /* DynamicDrawer */,
				7D2F58FA198C7D0100E6AF20 /* DynamicDrawerTests */,
			);
		};
/* End PBXProject section */

/* Begin PBXResourcesBuildPhase section */
		7D2F58D8198C7D0000E6AF20 /* Resources */ = {
			isa = PBXResourcesBuildPhase;
			buildActionMask = 2147483647;
			files = (
				7D2F58F6198C7D0000E6AF20 /* Images.xcassets in Resources */,
				7D2F58E8198C7D0000E6AF20 /* InfoPlist.strings in Resources */,
				7D2F58F1198C7D0000E6AF20 /* Main.storyboard in Resources */,
			);
			runOnlyForDeploymentPostprocessing = 0;
		};
		7D2F58F9198C7D0100E6AF20 /* Resources */ = {
			isa = PBXResourcesBuildPhase;
			buildActionMask = 2147483647;
			files = (
				7D2F5907198C7D0100E6AF20 /* InfoPlist.strings in Resources */,
			);
			runOnlyForDeploymentPostprocessing = 0;
		};
/* End PBXResourcesBuildPhase section */

/* Begin PBXSourcesBuildPhase section */
		7D2F58D6198C7D0000E6AF20 /* Sources */ = {
			isa = PBXSourcesBuildPhase;
			buildActionMask = 2147483647;
			files = (
				7D2F58EA198C7D0000E6AF20 /* main.m in Sources */,
				7D2F58EE198C7D0000E6AF20 /* DDRAppDelegate.m in Sources */,
				7D2F58F4198C7D0000E6AF20 /* DDRViewController.m in Sources */,
			);
			runOnlyForDeploymentPostprocessing = 0;
		};
		7D2F58F7198C7D0100E6AF20 /* Sources */ = {
			isa = PBXSourcesBuildPhase;
			buildActionMask = 2147483647;
			files = (
				7D2F5909198C7D0100E6AF20 /* DynamicDrawerTests.m in Sources */,
			);
			runOnlyForDeploymentPostprocessing = 0;
		};
/* End PBXSourcesBuildPhase section */

/* Begin PBXTargetDependency section */
		7D2F5901198C7D0100E6AF20 /* PBXTargetDependency */ = {
			isa = PBXTargetDependency;
			target = 7D2F58D9198C7D0000E6AF20 /* DynamicDrawer */;
			targetProxy = 7D2F5900198C7D0100E6AF20 /* PBXContainerItemProxy */;
		};
/* End PBXTargetDependency section */

/* Begin PBXVariantGroup section */
		7D2F58E6198C7D0000E6AF20 /* InfoPlist.strings */ = {
			isa = PBXVariantGroup;
			children = (
				7D2F58E7198C7D0000E6AF20 /* en */,
			);
			name = InfoPlist.strings;
			sourceTree = "<group>";
		};
		7D2F58EF198C7D0000E6AF20 /* Main.storyboard */ = {
			isa = PBXVariantGroup;
			children = (
				7D2F58F0198C7D0000E6AF20 /* Base */,
			);
			name = Main.storyboard;
			sourceTree = "<group>";
		};
		7D2F5905198C7D0100E6AF20 /* InfoPlist.strings */ = {
			isa = PBXVariantGroup;
			children = (
				7D2F5906198C7D0100E6AF20 /* en */,
			);
			name = InfoPlist.strings;
			sourceTree = "<group>";
		};
/* End PBXVariantGroup section */

/* Begin XCBuildConfiguration section */
		7D2F590A198C7D0100E6AF20 /* Debug */ = {
			isa = XCBuildConfiguration;
			buildSettings = {
				ALWAYS_SEARCH_USER_PATHS = NO;
				CLANG_CXX_LANGUAGE_STANDARD = "gnu++0x";
				CLANG_CXX_LIBRARY = "libc++";
				CLANG_ENABLE_MODULES = YES;
				CLANG_ENABLE_OBJC_ARC = YES;
				CLANG_WARN_BOOL_CONVERSION = YES;
				CLANG_WARN_CONSTANT_CONVERSION = YES;
				CLANG_WARN_DIRECT_OBJC_ISA_USAGE = YES_ERROR;
				CLANG_WARN_EMPTY_BODY = YES;
				CLANG_WARN_ENUM_CONVERSION = YES;
				CLANG_WARN_INT_CONVERSION = YES;
				CLANG_WARN_OBJC_ROOT_CLASS = YES_ERROR;
				CLANG_WARN__DUPLICATE_METHOD_MATCH = YES;
				"CODE_SIGN_IDENTITY[sdk=iphoneos*]" = "iPhone Developer";
				COPY_PHASE_STRIP = NO;
				GCC_C_LANGUAGE_STANDARD = gnu99;
				GCC_DYNAMIC_NO_PIC = NO;
				GCC_OPTIMIZATION_LEVEL = 0;
				GCC_PREPROCESSOR_DEFINITIONS = (
					"DEBUG=1",
					"$(inherited)",
				);
				GCC_SYMBOLS_PRIVATE_EXTERN = NO;
				GCC_WARN_64_TO_32_BIT_CONVERSION = YES;
				GCC_WARN_ABOUT_RETURN_TYPE = YES_ERROR;
				GCC_WARN_UNDECLARED_SELECTOR = YES;
				GCC_WARN_UNINITIALIZED_AUTOS = YES_AGGRESSIVE;
				GCC_WARN_UNUSED_FUNCTION = YES;
				GCC_WARN_UNUSED_VARIABLE = YES;
				IPHONEOS_DEPLOYMENT_TARGET = 7.1;
				ONLY_ACTIVE_ARCH = YES;
				SDKROOT = iphoneos;
			};
			name = Debug;
		};
		7D2F590B198C7D0100E6AF20 /* Release */ = {
			isa = XCBuildConfiguration;
			buildSettings = {
				ALWAYS_SEARCH_USER_PATHS = NO;
				CLANG_CXX_LANGUAGE_STANDARD = "gnu++0x";
				CLANG_CXX_LIBRARY = "libc++";
				CLANG_ENABLE_MODULES = YES;
				CLANG_ENABLE_OBJC_ARC = YES;
				CLANG_WARN_BOOL_CONVERSION = YES;
				CLANG_WARN_CONSTANT_CONVERSION = YES;
				CLANG_WARN_DIRECT_OBJC_ISA_USAGE = YES_ERROR;
				CLANG_WARN_EMPTY_BODY = YES;
				CLANG_WARN_ENUM_CONVERSION = YES;
				CLANG_WARN_INT_CONVERSION = YES;
				CLANG_WARN_OBJC_ROOT_CLASS = YES_ERROR;
				CLANG_WARN__DUPLICATE_METHOD_MATCH = YES;
				"CODE_SIGN_IDENTITY[sdk=iphoneos*]" = "iPhone Developer";
				COPY_PHASE_STRIP = YES;
				ENABLE_NS_ASSERTIONS = NO;
				GCC_C_LANGUAGE_STANDARD = gnu99;
				GCC_WARN_64_TO_32_BIT_CONVERSION = YES;
				GCC_WARN_ABOUT_RETURN_TYPE = YES_ERROR;
				GCC_WARN_UNDECLARED_SELECTOR = YES;
				GCC_WARN_UNINITIALIZED_AUTOS = YES_AGGRESSIVE;
				GCC_WARN_UNUSED_FUNCTION = YES;
				GCC_WARN_UNUSED_VARIABLE = YES;
				IPHONEOS_DEPLOYMENT_TARGET = 7.1;
				SDKROOT = iphoneos;
				VALIDATE_PRODUCT = YES;
			};
			name = Release;
		};
		7D2F590D198C7D0100E6AF20 /* Debug */ = {
			isa = XCBuildConfiguration;
			buildSettings = {
				ASSETCATALOG_COMPILER_APPICON_NAME = AppIcon;
				ASSETCATALOG_COMPILER_LAUNCHIMAGE_NAME = LaunchImage;
				GCC_PRECOMPILE_PREFIX_HEADER = YES;
				GCC_PREFIX_HEADER = "DynamicDrawer/DynamicDrawer-Prefix.pch";
				INFOPLIST_FILE = "DynamicDrawer/DynamicDrawer-Info.plist";
				PRODUCT_NAME = "$(TARGET_NAME)";
				WRAPPER_EXTENSION = app;
			};
			name = Debug;
		};
		7D2F590E198C7D0100E6AF20 /* Release */ = {
			isa = XCBuildConfiguration;
			buildSettings = {
				ASSETCATALOG_COMPILER_APPICON_NAME = AppIcon;
				ASSETCATALOG_COMPILER_LAUNCHIMAGE_NAME = LaunchImage;
				GCC_PRECOMPILE_PREFIX_HEADER = YES;
				GCC_PREFIX_HEADER = "DynamicDrawer/DynamicDrawer-Prefix.pch";
				INFOPLIST_FILE = "DynamicDrawer/DynamicDrawer-Info.plist";
				PRODUCT_NAME = "$(TARGET_NAME)";
				WRAPPER_EXTENSION = app;
			};
			name = Release;
		};
		7D2F5910198C7D0100E6AF20 /* Debug */ = {
			isa = XCBuildConfiguration;
			buildSettings = {
				BUNDLE_LOADER = "$(BUILT_PRODUCTS_DIR)/DynamicDrawer.app/DynamicDrawer";
				FRAMEWORK_SEARCH_PATHS = (
					"$(SDKROOT)/Developer/Library/Frameworks",
					"$(inherited)",
					"$(DEVELOPER_FRAMEWORKS_DIR)",
				);
				GCC_PRECOMPILE_PREFIX_HEADER = YES;
				GCC_PREFIX_HEADER = "DynamicDrawer/DynamicDrawer-Prefix.pch";
				GCC_PREPROCESSOR_DEFINITIONS = (
					"DEBUG=1",
					"$(inherited)",
				);
				INFOPLIST_FILE = "DynamicDrawerTests/DynamicDrawerTests-Info.plist";
				PRODUCT_NAME = "$(TARGET_NAME)";
				TEST_HOST = "$(BUNDLE_LOADER)";
				WRAPPER_EXTENSION = xctest;
			};
			name = Debug;
		};
		7D2F5911198C7D0100E6AF20 /* Release */ = {
			isa = XCBuildConfiguration;
			buildSettings = {
				BUNDLE_LOADER = "$(BUILT_PRODUCTS_DIR)/DynamicDrawer.app/DynamicDrawer";
				FRAMEWORK_SEARCH_PATHS = (
					"$(SDKROOT)/Developer/Library/Frameworks",
					"$(inherited)",
					"$(DEVELOPER_FRAMEWORKS_DIR)",
				);
				GCC_PRECOMPILE_PREFIX_HEADER = YES;
				GCC_PREFIX_HEADER = "DynamicDrawer/DynamicDrawer-Prefix.pch";
				INFOPLIST_FILE = "DynamicDrawerTests/DynamicDrawerTests-Info.plist";
				PRODUCT_NAME = "$(TARGET_NAME)";
				TEST_HOST = "$(BUNDLE_LOADER)";
				WRAPPER_EXTENSION = xctest;
			};
			name = Release;
		};
/* End XCBuildConfiguration section */

/* Begin XCConfigurationList section */
		7D2F58D5198C7D0000E6AF20 /* Build configuration list for PBXProject "DynamicDrawer" */ = {
			isa = XCConfigurationList;
			buildConfigurations = (
				7D2F590A198C7D0100E6AF20 /* Debug */,
				7D2F590B198C7D0100E6AF20 /* Release */,
			);
			defaultConfigurationIsVisible = 0;
			defaultConfigurationName = Release;
		};
		7D2F590C198C7D0100E6AF20 /* Build configuration list for PBXNativeTarget "DynamicDrawer" */ = {
			isa = XCConfigurationList;
			buildConfigurations = (
				7D2F590D198C7D0100E6AF20 /* Debug */,
				7D2F590E198C7D0100E6AF20 /* Release */,
			);
			defaultConfigurationIsVisible = 0;
		};
		7D2F590F198C7D0100E6AF20 /* Build configuration list for PBXNativeTarget "DynamicDrawerTests" */ = {
			isa = XCConfigurationList;
			buildConfigurations = (
				7D2F5910198C7D0100E6AF20 /* Debug */,
				7D2F5911198C7D0100E6AF20 /* Release */,
			);
			defaultConfigurationIsVisible = 0;
		};
/* End XCConfigurationList section */
	};
	rootObject = 7D2F58D2198C7D0000E6AF20 /* Project object */;
}
